
Microsoft Visual Studio Solution File, Format Version 12.00
# Visual Studio Version 16
VisualStudioVersion = 16.0.31205.134
MinimumVisualStudioVersion = 10.0.40219.1
Project("{FAE04EC0-301F-11D3-BF4B-00C04F79EFBC}") = "LibManage", "LibManage\LibManage.csproj", "{6DF56E30-9897-4A15-BCF1-B69AC0B51A93}"
EndProject
Global
	GlobalSection(SolutionConfigurationPlatforms) = preSolution
		Debug|Any CPU = Debug|Any CPU
		Release|Any CPU = Release|Any CPU
	EndGlobalSection
	GlobalSection(ProjectConfigurationPlatforms) = postSolution
		{6DF56E30-9897-4A15-BCF1-B69AC0B51A93}.Debug|Any CPU.ActiveCfg = Debug|Any CPU
		{6DF56E30-9897-4A15-BCF1-B69AC0B51A93}.Debug|Any CPU.Build.0 = Debug|Any CPU
		{6DF56E30-9897-4A15-BCF1-B69AC0B51A93}.Release|Any CPU.ActiveCfg = Release|Any CPU
		{6DF56E30-9897-4A15-BCF1-B69AC0B51A93}.Release|Any CPU.Build.0 = Release|Any CPU
	EndGlobalSection
	GlobalSection(SolutionProperties) = preSolution
		HideSolutionNode = FALSE
	EndGlobalSection
	GlobalSection(ExtensibilityGlobals) = postSolution
		SolutionGuid = {0661D835-1537-4E4A-B187-C49B23C16A4C}
	EndGlobalSection
EndGlobal
